
Microsoft Visual Studio Solution File, Format Version 12.00
# Visual Studio Version 17
VisualStudioVersion = 17.3.32804.467
MinimumVisualStudioVersion = 10.0.40219.1
Project("{FAE04EC0-301F-11D3-BF4B-00C04F79EFBC}") = "DZ", "DZ.csproj", "{ACBDBCD9-3E49-4E7A-BE2C-08ECA7602653}"
EndProject
Global
	GlobalSection(SolutionConfigurationPlatforms) = preSolution
		Debug|Any CPU = Debug|Any CPU
		Release|Any CPU = Release|Any CPU
	EndGlobalSection
	GlobalSection(ProjectConfigurationPlatforms) = postSolution
		{ACBDBCD9-3E49-4E7A-BE2C-08ECA7602653}.Debug|Any CPU.ActiveCfg = Debug|Any CPU
		{ACBDBCD9-3E49-4E7A-BE2C-08ECA7602653}.Debug|Any CPU.Build.0 = Debug|Any CPU
		{ACBDBCD9-3E49-4E7A-BE2C-08ECA7602653}.Release|Any CPU.ActiveCfg = Release|Any CPU
		{ACBDBCD9-3E49-4E7A-BE2C-08ECA7602653}.Release|Any CPU.Build.0 = Release|Any CPU
	EndGlobalSection
	GlobalSection(SolutionProperties) = preSolution
		HideSolutionNode = FALSE
	EndGlobalSection
	GlobalSection(ExtensibilityGlobals) = postSolution
		SolutionGuid = {54EA8F7D-94A4-4235-8570-B390DE4E9157}
	EndGlobalSection
EndGlobal
